// !$*UTF8*$!
{
	archiveVersion = 1;
	classes = {
	};
	objectVersion = 77;
	objects = {

/* Begin PBXContainerItemProxy section */
		A630CBE12D9C88940041301A /* PBXContainerItemProxy */ = {
			isa = PBXContainerItemProxy;
			containerPortal = A630CBC22D9C88920041301A /* Project object */;
			proxyType = 1;
			remoteGlobalIDString = A630CBC92D9C88920041301A;
			remoteInfo = AlgebraOne;
		};
		A630CBEB2D9C88940041301A /* PBXContainerItemProxy */ = {
			isa = PBXContainerItemProxy;
			containerPortal = A630CBC22D9C88920041301A /* Project object */;
			proxyType = 1;
			remoteGlobalIDString = A630CBC92D9C88920041301A;
			remoteInfo = AlgebraOne;
		};
/* End PBXContainerItemProxy section */

/* Begin PBXFileReference section */
		A630CBCA2D9C88920041301A /* AlgebraOne.app */ = {isa = PBXFileReference; explicitFileType = wrapper.application; includeInIndex = 0; path = AlgebraOne.app; sourceTree = BUILT_PRODUCTS_DIR; };
		A630CBE02D9C88940041301A /* AlgebraOneTests.xctest */ = {isa = PBXFileReference; explicitFileType = wrapper.cfbundle; includeInIndex = 0; path = AlgebraOneTests.xctest; sourceTree = BUILT_PRODUCTS_DIR; };
		A630CBEA2D9C88940041301A /* AlgebraOneUITests.xctest */ = {isa = PBXFileReference; explicitFileType = wrapper.cfbundle; includeInIndex = 0; path = AlgebraOneUITests.xctest; sourceTree = BUILT_PRODUCTS_DIR; };
/* End PBXFileReference section */

/* Begin PBXFileSystemSynchronizedBuildFileExceptionSet section */
		A630CC482D9C8D230041301A /* Exceptions for "AlgebraOne" folder in "AlgebraOne" target */ = {
			isa = PBXFileSystemSynchronizedBuildFileExceptionSet;
			membershipExceptions = (
				"/Localized: App/LaunchScreen.storyboard",
				Info.plist,
			);
			target = A630CBC92D9C88920041301A /* AlgebraOne */;
		};
/* End PBXFileSystemSynchronizedBuildFileExceptionSet section */

/* Begin PBXFileSystemSynchronizedRootGroup section */
		A630CBCC2D9C88920041301A /* AlgebraOne */ = {
			isa = PBXFileSystemSynchronizedRootGroup;
			exceptions = (
				A630CC482D9C8D230041301A /* Exceptions for "AlgebraOne" folder in "AlgebraOne" target */,
			);
			path = AlgebraOne;
			sourceTree = "<group>";
		};
		A630CBE32D9C88940041301A /* AlgebraOneTests */ = {
			isa = PBXFileSystemSynchronizedRootGroup;
			path = AlgebraOneTests;
			sourceTree = "<group>";
		};
		A630CBED2D9C88940041301A /* AlgebraOneUITests */ = {
			isa = PBXFileSystemSynchronizedRootGroup;
			path = AlgebraOneUITests;
			sourceTree = "<group>";
		};
/* End PBXFileSystemSynchronizedRootGroup section */

/* Begin PBXFrameworksBuildPhase section */
		A630CBC72D9C88920041301A /* Frameworks */ = {
			isa = PBXFrameworksBuildPhase;
			buildActionMask = 2147483647;
			files = (
			);
			runOnlyForDeploymentPostprocessing = 0;
		};
		A630CBDD2D9C88940041301A /* Frameworks */ = {
			isa = PBXFrameworksBuildPhase;
			buildActionMask = 2147483647;
			files = (
			);
			runOnlyForDeploymentPostprocessing = 0;
		};
		A630CBE72D9C88940041301A /* Frameworks */ = {
			isa = PBXFrameworksBuildPhase;
			buildActionMask = 2147483647;
			files = (
			);
			runOnlyForDeploymentPostprocessing = 0;
		};
/* End PBXFrameworksBuildPhase section */

/* Begin PBXGroup section */
		A630CBC12D9C88920041301A = {
			isa = PBXGroup;
			children = (
				A630CBCC2D9C88920041301A /* AlgebraOne */,
				A630CBE32D9C88940041301A /* AlgebraOneTests */,
				A630CBED2D9C88940041301A /* AlgebraOneUITests */,
				A630CBCB2D9C88920041301A /* Products */,
			);
			sourceTree = "<group>";
		};
		A630CBCB2D9C88920041301A /* Products */ = {
			isa = PBXGroup;
			children = (
				A630CBCA2D9C88920041301A /* AlgebraOne.app */,
				A630CBE02D9C88940041301A /* AlgebraOneTests.xctest */,
				A630CBEA2D9C88940041301A /* AlgebraOneUITests.xctest */,
			);
			name = Products;
			sourceTree = "<group>";
		};
/* End PBXGroup section */

/* Begin PBXNativeTarget section */
		A630CBC92D9C88920041301A /* AlgebraOne */ = {
			isa = PBXNativeTarget;
			buildConfigurationList = A630CBF32D9C88940041301A /* Build configuration list for PBXNativeTarget "AlgebraOne" */;
			buildPhases = (
				A630CBC62D9C88920041301A /* Sources */,
				A630CBC72D9C88920041301A /* Frameworks */,
				A630CC472D9C8D230041301A /* Resources */,
			);
			buildRules = (
			);
			dependencies = (
			);
			fileSystemSynchronizedGroups = (
				A630CBCC2D9C88920041301A /* AlgebraOne */,
			);
			name = AlgebraOne;
			packageProductDependencies = (
			);
			productName = AlgebraOne;
			productReference = A630CBCA2D9C88920041301A /* AlgebraOne.app */;
			productType = "com.apple.product-type.application";
		};
		A630CBDF2D9C88940041301A /* AlgebraOneTests */ = {
			isa = PBXNativeTarget;
			buildConfigurationList = A630CBF82D9C88940041301A /* Build configuration list for PBXNativeTarget "AlgebraOneTests" */;
			buildPhases = (
				A630CBDC2D9C88940041301A /* Sources */,
				A630CBDD2D9C88940041301A /* Frameworks */,
				A630CBDE2D9C88940041301A /* Resources */,
			);
			buildRules = (
			);
			dependencies = (
				A630CBE22D9C88940041301A /* PBXTargetDependency */,
			);
			fileSystemSynchronizedGroups = (
				A630CBE32D9C88940041301A /* AlgebraOneTests */,
			);
			name = AlgebraOneTests;
			packageProductDependencies = (
			);
			productName = AlgebraOneTests;
			productReference = A630CBE02D9C88940041301A /* AlgebraOneTests.xctest */;
			productType = "com.apple.product-type.bundle.unit-test";
		};
		A630CBE92D9C88940041301A /* AlgebraOneUITests */ = {
			isa = PBXNativeTarget;
			buildConfigurationList = A630CBFB2D9C88940041301A /* Build configuration list for PBXNativeTarget "AlgebraOneUITests" */;
			buildPhases = (
				A630CBE62D9C88940041301A /* Sources */,
				A630CBE72D9C88940041301A /* Frameworks */,
				A630CBE82D9C88940041301A /* Resources */,
			);
			buildRules = (
			);
			dependencies = (
				A630CBEC2D9C88940041301A /* PBXTargetDependency */,
			);
			fileSystemSynchronizedGroups = (
				A630CBED2D9C88940041301A /* AlgebraOneUITests */,
			);
			name = AlgebraOneUITests;
			packageProductDependencies = (
			);
			productName = AlgebraOneUITests;
			productReference = A630CBEA2D9C88940041301A /* AlgebraOneUITests.xctest */;
			productType = "com.apple.product-type.bundle.ui-testing";
		};
/* End PBXNativeTarget section */

/* Begin PBXProject section */
		A630CBC22D9C88920041301A /* Project object */ = {
			isa = PBXProject;
			attributes = {
				BuildIndependentTargetsInParallel = 1;
				LastSwiftUpdateCheck = 1620;
				LastUpgradeCheck = 1620;
				TargetAttributes = {
					A630CBC92D9C88920041301A = {
						CreatedOnToolsVersion = 16.2;
					};
					A630CBDF2D9C88940041301A = {
						CreatedOnToolsVersion = 16.2;
						TestTargetID = A630CBC92D9C88920041301A;
					};
					A630CBE92D9C88940041301A = {
						CreatedOnToolsVersion = 16.2;
						TestTargetID = A630CBC92D9C88920041301A;
					};
				};
			};
			buildConfigurationList = A630CBC52D9C88920041301A /* Build configuration list for PBXProject "AlgebraOne" */;
			developmentRegion = en;
			hasScannedForEncodings = 0;
			knownRegions = (
				en,
				Base,
			);
			mainGroup = A630CBC12D9C88920041301A;
			minimizedProjectReferenceProxies = 1;
			preferredProjectObjectVersion = 77;
			productRefGroup = A630CBCB2D9C88920041301A /* Products */;
			projectDirPath = "";
			projectRoot = "";
			targets = (
				A630CBC92D9C88920041301A /* AlgebraOne */,
				A630CBDF2D9C88940041301A /* AlgebraOneTests */,
				A630CBE92D9C88940041301A /* AlgebraOneUITests */,
			);
		};
/* End PBXProject section */

/* Begin PBXResourcesBuildPhase section */
		A630CBDE2D9C88940041301A /* Resources */ = {
			isa = PBXResourcesBuildPhase;
			buildActionMask = 2147483647;
			files = (
			);
			runOnlyForDeploymentPostprocessing = 0;
		};
		A630CBE82D9C88940041301A /* Resources */ = {
			isa = PBXResourcesBuildPhase;
			buildActionMask = 2147483647;
			files = (
			);
			runOnlyForDeploymentPostprocessing = 0;
		};
		A630CC472D9C8D230041301A /* Resources */ = {
			isa = PBXResourcesBuildPhase;
			buildActionMask = 2147483647;
			files = (
			);
			runOnlyForDeploymentPostprocessing = 0;
		};
/* End PBXResourcesBuildPhase section */

/* Begin PBXSourcesBuildPhase section */
		A630CBC62D9C88920041301A /* Sources */ = {
			isa = PBXSourcesBuildPhase;
			buildActionMask = 2147483647;
			files = (
			);
			runOnlyForDeploymentPostprocessing = 0;
		};
		A630CBDC2D9C88940041301A /* Sources */ = {
			isa = PBXSourcesBuildPhase;
			buildActionMask = 2147483647;
			files = (
			);
			runOnlyForDeploymentPostprocessing = 0;
		};
		A630CBE62D9C88940041301A /* Sources */ = {
			isa = PBXSourcesBuildPhase;
			buildActionMask = 2147483647;
			files = (
			);
			runOnlyForDeploymentPostprocessing = 0;
		};
/* End PBXSourcesBuildPhase section */

/* Begin PBXTargetDependency section */
		A630CBE22D9C88940041301A /* PBXTargetDependency */ = {
			isa = PBXTargetDependency;
			target = A630CBC92D9C88920041301A /* AlgebraOne */;
			targetProxy = A630CBE12D9C88940041301A /* PBXContainerItemProxy */;
		};
		A630CBEC2D9C88940041301A /* PBXTargetDependency */ = {
			isa = PBXTargetDependency;
			target = A630CBC92D9C88920041301A /* AlgebraOne */;
			targetProxy = A630CBEB2D9C88940041301A /* PBXContainerItemProxy */;
		};
/* End PBXTargetDependency section */

/* Begin XCBuildConfiguration section */
		A630CBF42D9C88940041301A /* Debug */ = {
			isa = XCBuildConfiguration;
			buildSettings = {
				ASSETCATALOG_COMPILER_APPICON_NAME = AppIcon;
				ASSETCATALOG_COMPILER_GLOBAL_ACCENT_COLOR_NAME = AccentColor;
				CODE_SIGN_STYLE = Automatic;
				CURRENT_PROJECT_VERSION = 1;
				DEVELOPMENT_TEAM = 5LSQ3C9W8U;
				GENERATE_INFOPLIST_FILE = YES;
				INFOPLIST_FILE = AlgebraOne/Info.plist;
				INFOPLIST_KEY_UIApplicationSupportsIndirectInputEvents = YES;
				INFOPLIST_KEY_UILaunchStoryboardName = LaunchScreen;
				INFOPLIST_KEY_UISupportedInterfaceOrientations_iPad = "UIInterfaceOrientationPortrait UIInterfaceOrientationPortraitUpsideDown UIInterfaceOrientationLandscapeLeft UIInterfaceOrientationLandscapeRight";
				INFOPLIST_KEY_UISupportedInterfaceOrientations_iPhone = "UIInterfaceOrientationPortrait UIInterfaceOrientationLandscapeLeft UIInterfaceOrientationLandscapeRight";
				LD_RUNPATH_SEARCH_PATHS = (
					"$(inherited)",
					"@executable_path/Frameworks",
				);
				MARKETING_VERSION = 1.0;
				PRODUCT_BUNDLE_IDENTIFIER = com.mrezkys.AlgebraOne;
				PRODUCT_NAME = "$(TARGET_NAME)";
				SWIFT_EMIT_LOC_STRINGS = YES;
				SWIFT_VERSION = 5.0;
				TARGETED_DEVICE_FAMILY = "1,2";
			};
			name = Debug;
		};
		A630CBF52D9C88940041301A /* Release */ = {
			isa = XCBuildConfiguration;
			buildSettings = {
				ASSETCATALOG_COMPILER_APPICON_NAME = AppIcon;
				ASSETCATALOG_COMPILER_GLOBAL_ACCENT_COLOR_NAME = AccentColor;
				CODE_SIGN_STYLE = Automatic;
				CURRENT_PROJECT_VERSION = 1;
				DEVELOPMENT_TEAM = 5LSQ3C9W8U;
				GENERATE_INFOPLIST_FILE = YES;
				INFOPLIST_FILE = AlgebraOne/Info.plist;
				INFOPLIST_KEY_UIApplicationSupportsIndirectInputEvents = YES;
				INFOPLIST_KEY_UILaunchStoryboardName = LaunchScreen;
				INFOPLIST_KEY_UISupportedInterfaceOrientations_iPad = "UIInterfaceOrientationPortrait UIInterfaceOrientationPortraitUpsideDown UIInterfaceOrientationLandscapeLeft UIInterfaceOrientationLandscapeRight";
				INFOPLIST_KEY_UISupportedInterfaceOrientations_iPhone = "UIInterfaceOrientationPortrait UIInterfaceOrientationLandscapeLeft UIInterfaceOrientationLandscapeRight";
				LD_RUNPATH_SEARCH_PATHS = (
					"$(inherited)",
					"@executable_path/Frameworks",
				);
				MARKETING_VERSION = 1.0;
				PRODUCT_BUNDLE_IDENTIFIER = com.mrezkys.AlgebraOne;
				PRODUCT_NAME = "$(TARGET_NAME)";
				SWIFT_EMIT_LOC_STRINGS = YES;
				SWIFT_VERSION = 5.0;
				TARGETED_DEVICE_FAMILY = "1,2";
			};
			name = Release;
		};
		A630CBF62D9C88940041301A /* Debug */ = {
			isa = XCBuildConfiguration;
			buildSettings = {
				ALWAYS_SEARCH_USER_PATHS = NO;
				ASSETCATALOG_COMPILER_GENERATE_SWIFT_ASSET_SYMBOL_EXTENSIONS = YES;
				CLANG_ANALYZER_NONNULL = YES;
				CLANG_ANALYZER_NUMBER_OBJECT_CONVERSION = YES_AGGRESSIVE;
				CLANG_CXX_LANGUAGE_STANDARD = "gnu++20";
				CLANG_ENABLE_MODULES = YES;
				CLANG_ENABLE_OBJC_ARC = YES;
				CLANG_ENABLE_OBJC_WEAK = YES;
				CLANG_WARN_BLOCK_CAPTURE_AUTORELEASING = YES;
				CLANG_WARN_BOOL_CONVERSION = YES;
				CLANG_WARN_COMMA = YES;
				CLANG_WARN_CONSTANT_CONVERSION = YES;
				CLANG_WARN_DEPRECATED_OBJC_IMPLEMENTATIONS = YES;
				CLANG_WARN_DIRECT_OBJC_ISA_USAGE = YES_ERROR;
				CLANG_WARN_DOCUMENTATION_COMMENTS = YES;
				CLANG_WARN_EMPTY_BODY = YES;
				CLANG_WARN_ENUM_CONVERSION = YES;
				CLANG_WARN_INFINITE_RECURSION = YES;
				CLANG_WARN_INT_CONVERSION = YES;
				CLANG_WARN_NON_LITERAL_NULL_CONVERSION = YES;
				CLANG_WARN_OBJC_IMPLICIT_RETAIN_SELF = YES;
				CLANG_WARN_OBJC_LITERAL_CONVERSION = YES;
				CLANG_WARN_OBJC_ROOT_CLASS = YES_ERROR;
				CLANG_WARN_QUOTED_INCLUDE_IN_FRAMEWORK_HEADER = YES;
				CLANG_WARN_RANGE_LOOP_ANALYSIS = YES;
				CLANG_WARN_STRICT_PROTOTYPES = YES;
				CLANG_WARN_SUSPICIOUS_MOVE = YES;
				CLANG_WARN_UNGUARDED_AVAILABILITY = YES_AGGRESSIVE;
				CLANG_WARN_UNREACHABLE_CODE = YES;
				CLANG_WARN__DUPLICATE_METHOD_MATCH = YES;
				COPY_PHASE_STRIP = NO;
				DEBUG_INFORMATION_FORMAT = dwarf;
				ENABLE_STRICT_OBJC_MSGSEND = YES;
				ENABLE_TESTABILITY = YES;
				ENABLE_USER_SCRIPT_SANDBOXING = YES;
				GCC_C_LANGUAGE_STANDARD = gnu17;
				GCC_DYNAMIC_NO_PIC = NO;
				GCC_NO_COMMON_BLOCKS = YES;
				GCC_OPTIMIZATION_LEVEL = 0;
				GCC_PREPROCESSOR_DEFINITIONS = (
					"DEBUG=1",
					"$(inherited)",
				);
				GCC_WARN_64_TO_32_BIT_CONVERSION = YES;
				GCC_WARN_ABOUT_RETURN_TYPE = YES_ERROR;
				GCC_WARN_UNDECLARED_SELECTOR = YES;
				GCC_WARN_UNINITIALIZED_AUTOS = YES_AGGRESSIVE;
				GCC_WARN_UNUSED_FUNCTION = YES;
				GCC_WARN_UNUSED_VARIABLE = YES;
				IPHONEOS_DEPLOYMENT_TARGET = 18.2;
				LOCALIZATION_PREFERS_STRING_CATALOGS = YES;
				MTL_ENABLE_DEBUG_INFO = INCLUDE_SOURCE;
				MTL_FAST_MATH = YES;
				ONLY_ACTIVE_ARCH = YES;
				SDKROOT = iphoneos;
				SWIFT_ACTIVE_COMPILATION_CONDITIONS = "DEBUG $(inherited)";
				SWIFT_OPTIMIZATION_LEVEL = "-Onone";
			};
			name = Debug;
		};
		A630CBF72D9C88940041301A /* Release */ = {
			isa = XCBuildConfiguration;
			buildSettings = {
				ALWAYS_SEARCH_USER_PATHS = NO;
				ASSETCATALOG_COMPILER_GENERATE_SWIFT_ASSET_SYMBOL_EXTENSIONS = YES;
				CLANG_ANALYZER_NONNULL = YES;
				CLANG_ANALYZER_NUMBER_OBJECT_CONVERSION = YES_AGGRESSIVE;
				CLANG_CXX_LANGUAGE_STANDARD = "gnu++20";
				CLANG_ENABLE_MODULES = YES;
				CLANG_ENABLE_OBJC_ARC = YES;
				CLANG_ENABLE_OBJC_WEAK = YES;
				CLANG_WARN_BLOCK_CAPTURE_AUTORELEASING = YES;
				CLANG_WARN_BOOL_CONVERSION = YES;
				CLANG_WARN_COMMA = YES;
				CLANG_WARN_CONSTANT_CONVERSION = YES;
				CLANG_WARN_DEPRECATED_OBJC_IMPLEMENTATIONS = YES;
				CLANG_WARN_DIRECT_OBJC_ISA_USAGE = YES_ERROR;
				CLANG_WARN_DOCUMENTATION_COMMENTS = YES;
				CLANG_WARN_EMPTY_BODY = YES;
				CLANG_WARN_ENUM_CONVERSION = YES;
				CLANG_WARN_INFINITE_RECURSION = YES;
				CLANG_WARN_INT_CONVERSION = YES;
				CLANG_WARN_NON_LITERAL_NULL_CONVERSION = YES;
				CLANG_WARN_OBJC_IMPLICIT_RETAIN_SELF = YES;
				CLANG_WARN_OBJC_LITERAL_CONVERSION = YES;
				CLANG_WARN_OBJC_ROOT_CLASS = YES_ERROR;
				CLANG_WARN_QUOTED_INCLUDE_IN_FRAMEWORK_HEADER = YES;
				CLANG_WARN_RANGE_LOOP_ANALYSIS = YES;
				CLANG_WARN_STRICT_PROTOTYPES = YES;
				CLANG_WARN_SUSPICIOUS_MOVE = YES;
				CLANG_WARN_UNGUARDED_AVAILABILITY = YES_AGGRESSIVE;
				CLANG_WARN_UNREACHABLE_CODE = YES;
				CLANG_WARN__DUPLICATE_METHOD_MATCH = YES;
				COPY_PHASE_STRIP = NO;
				DEBUG_INFORMATION_FORMAT = "dwarf-with-dsym";
				ENABLE_NS_ASSERTIONS = NO;
				ENABLE_STRICT_OBJC_MSGSEND = YES;
				ENABLE_USER_SCRIPT_SANDBOXING = YES;
				GCC_C_LANGUAGE_STANDARD = gnu17;
				GCC_NO_COMMON_BLOCKS = YES;
				GCC_WARN_64_TO_32_BIT_CONVERSION = YES;
				GCC_WARN_ABOUT_RETURN_TYPE = YES_ERROR;
				GCC_WARN_UNDECLARED_SELECTOR = YES;
				GCC_WARN_UNINITIALIZED_AUTOS = YES_AGGRESSIVE;
				GCC_WARN_UNUSED_FUNCTION = YES;
				GCC_WARN_UNUSED_VARIABLE = YES;
				IPHONEOS_DEPLOYMENT_TARGET = 18.2;
				LOCALIZATION_PREFERS_STRING_CATALOGS = YES;
				MTL_ENABLE_DEBUG_INFO = NO;
				MTL_FAST_MATH = YES;
				SDKROOT = iphoneos;
				SWIFT_COMPILATION_MODE = wholemodule;
				VALIDATE_PRODUCT = YES;
			};
			name = Release;
		};
		A630CBF92D9C88940041301A /* Debug */ = {
			isa = XCBuildConfiguration;
			buildSettings = {
				BUNDLE_LOADER = "$(TEST_HOST)";
				CODE_SIGN_STYLE = Automatic;
				CURRENT_PROJECT_VERSION = 1;
				DEVELOPMENT_TEAM = 5LSQ3C9W8U;
				GENERATE_INFOPLIST_FILE = YES;
				IPHONEOS_DEPLOYMENT_TARGET = 18.2;
				MARKETING_VERSION = 1.0;
				PRODUCT_BUNDLE_IDENTIFIER = com.mrezkys.AlgebraOneTests;
				PRODUCT_NAME = "$(TARGET_NAME)";
				SWIFT_EMIT_LOC_STRINGS = NO;
				SWIFT_VERSION = 5.0;
				TARGETED_DEVICE_FAMILY = "1,2";
				TEST_HOST = "$(BUILT_PRODUCTS_DIR)/AlgebraOne.app/$(BUNDLE_EXECUTABLE_FOLDER_PATH)/AlgebraOne";
			};
			name = Debug;
		};
		A630CBFA2D9C88940041301A /* Release */ = {
			isa = XCBuildConfiguration;
			buildSettings = {
				BUNDLE_LOADER = "$(TEST_HOST)";
				CODE_SIGN_STYLE = Automatic;
				CURRENT_PROJECT_VERSION = 1;
				DEVELOPMENT_TEAM = 5LSQ3C9W8U;
				GENERATE_INFOPLIST_FILE = YES;
				IPHONEOS_DEPLOYMENT_TARGET = 18.2;
				MARKETING_VERSION = 1.0;
				PRODUCT_BUNDLE_IDENTIFIER = com.mrezkys.AlgebraOneTests;
				PRODUCT_NAME = "$(TARGET_NAME)";
				SWIFT_EMIT_LOC_STRINGS = NO;
				SWIFT_VERSION = 5.0;
				TARGETED_DEVICE_FAMILY = "1,2";
				TEST_HOST = "$(BUILT_PRODUCTS_DIR)/AlgebraOne.app/$(BUNDLE_EXECUTABLE_FOLDER_PATH)/AlgebraOne";
			};
			name = Release;
		};
		A630CBFC2D9C88940041301A /* Debug */ = {
			isa = XCBuildConfiguration;
			buildSettings = {
				CODE_SIGN_STYLE = Automatic;
				CURRENT_PROJECT_VERSION = 1;
				DEVELOPMENT_TEAM = 5LSQ3C9W8U;
				GENERATE_INFOPLIST_FILE = YES;
				MARKETING_VERSION = 1.0;
				PRODUCT_BUNDLE_IDENTIFIER = com.mrezkys.AlgebraOneUITests;
				PRODUCT_NAME = "$(TARGET_NAME)";
				SWIFT_EMIT_LOC_STRINGS = NO;
				SWIFT_VERSION = 5.0;
				TARGETED_DEVICE_FAMILY = "1,2";
				TEST_TARGET_NAME = AlgebraOne;
			};
			name = Debug;
		};
		A630CBFD2D9C88940041301A /* Release */ = {
			isa = XCBuildConfiguration;
			buildSettings = {
				CODE_SIGN_STYLE = Automatic;
				CURRENT_PROJECT_VERSION = 1;
				DEVELOPMENT_TEAM = 5LSQ3C9W8U;
				GENERATE_INFOPLIST_FILE = YES;
				MARKETING_VERSION = 1.0;
				PRODUCT_BUNDLE_IDENTIFIER = com.mrezkys.AlgebraOneUITests;
				PRODUCT_NAME = "$(TARGET_NAME)";
				SWIFT_EMIT_LOC_STRINGS = NO;
				SWIFT_VERSION = 5.0;
				TARGETED_DEVICE_FAMILY = "1,2";
				TEST_TARGET_NAME = AlgebraOne;
			};
			name = Release;
		};
/* End XCBuildConfiguration section */

/* Begin XCConfigurationList section */
		A630CBC52D9C88920041301A /* Build configuration list for PBXProject "AlgebraOne" */ = {
			isa = XCConfigurationList;
			buildConfigurations = (
				A630CBF62D9C88940041301A /* Debug */,
				A630CBF72D9C88940041301A /* Release */,
			);
			defaultConfigurationIsVisible = 0;
			defaultConfigurationName = Release;
		};
		A630CBF32D9C88940041301A /* Build configuration list for PBXNativeTarget "AlgebraOne" */ = {
			isa = XCConfigurationList;
			buildConfigurations = (
				A630CBF42D9C88940041301A /* Debug */,
				A630CBF52D9C88940041301A /* Release */,
			);
			defaultConfigurationIsVisible = 0;
			defaultConfigurationName = Release;
		};
		A630CBF82D9C88940041301A /* Build configuration list for PBXNativeTarget "AlgebraOneTests" */ = {
			isa = XCConfigurationList;
			buildConfigurations = (
				A630CBF92D9C88940041301A /* Debug */,
				A630CBFA2D9C88940041301A /* Release */,
			);
			defaultConfigurationIsVisible = 0;
			defaultConfigurationName = Release;
		};
		A630CBFB2D9C88940041301A /* Build configuration list for PBXNativeTarget "AlgebraOneUITests" */ = {
			isa = XCConfigurationList;
			buildConfigurations = (
				A630CBFC2D9C88940041301A /* Debug */,
				A630CBFD2D9C88940041301A /* Release */,
			);
			defaultConfigurationIsVisible = 0;
			defaultConfigurationName = Release;
		};
/* End XCConfigurationList section */
	};
	rootObject = A630CBC22D9C88920041301A /* Project object */;
}
